// !$*UTF8*$!
{
	archiveVersion = 1;
	classes = {
	};
	objectVersion = 56;
	objects = {

/* Begin PBXBuildFile section */
		0788E0A62AE30AA9008A5E27 /* MovieTipApp.swift in Sources */ = {isa = PBXBuildFile; fileRef = 0788E0A52AE30AA9008A5E27 /* MovieTipApp.swift */; };
		0788E0A82AE30AA9008A5E27 /* ContentView.swift in Sources */ = {isa = PBXBuildFile; fileRef = 0788E0A72AE30AA9008A5E27 /* ContentView.swift */; };
		0788E0AA2AE30AA9008A5E27 /* Item.swift in Sources */ = {isa = PBXBuildFile; fileRef = 0788E0A92AE30AA9008A5E27 /* Item.swift */; };
		0788E0AC2AE30AAB008A5E27 /* Assets.xcassets in Resources */ = {isa = PBXBuildFile; fileRef = 0788E0AB2AE30AAB008A5E27 /* Assets.xcassets */; };
		0788E0AF2AE30AAB008A5E27 /* Preview Assets.xcassets in Resources */ = {isa = PBXBuildFile; fileRef = 0788E0AE2AE30AAB008A5E27 /* Preview Assets.xcassets */; };
/* End PBXBuildFile section */

/* Begin PBXContainerItemProxy section */
		0788E0B52AE30AAB008A5E27 /* PBXContainerItemProxy */ = {
			isa = PBXContainerItemProxy;
			containerPortal = 0788E09A2AE30AA9008A5E27 /* Project object */;
			proxyType = 1;
			remoteGlobalIDString = 0788E0A12AE30AA9008A5E27;
			remoteInfo = MovieTip;
		};
		0788E0BF2AE30AAB008A5E27 /* PBXContainerItemProxy */ = {
			isa = PBXContainerItemProxy;
			containerPortal = 0788E09A2AE30AA9008A5E27 /* Project object */;
			proxyType = 1;
			remoteGlobalIDString = 0788E0A12AE30AA9008A5E27;
			remoteInfo = MovieTip;
		};
/* End PBXContainerItemProxy section */

/* Begin PBXFileReference section */
		0788E0A22AE30AA9008A5E27 /* MovieTip.app */ = {isa = PBXFileReference; explicitFileType = wrapper.application; includeInIndex = 0; path = MovieTip.app; sourceTree = BUILT_PRODUCTS_DIR; };
		0788E0A52AE30AA9008A5E27 /* MovieTipApp.swift */ = {isa = PBXFileReference; lastKnownFileType = sourcecode.swift; path = MovieTipApp.swift; sourceTree = "<group>"; };
		0788E0A72AE30AA9008A5E27 /* ContentView.swift */ = {isa = PBXFileReference; lastKnownFileType = sourcecode.swift; path = ContentView.swift; sourceTree = "<group>"; };
		0788E0A92AE30AA9008A5E27 /* Item.swift */ = {isa = PBXFileReference; lastKnownFileType = sourcecode.swift; path = Item.swift; sourceTree = "<group>"; };
		0788E0AB2AE30AAB008A5E27 /* Assets.xcassets */ = {isa = PBXFileReference; lastKnownFileType = folder.assetcatalog; path = Assets.xcassets; sourceTree = "<group>"; };
		0788E0AE2AE30AAB008A5E27 /* Preview Assets.xcassets */ = {isa = PBXFileReference; lastKnownFileType = folder.assetcatalog; path = "Preview Assets.xcassets"; sourceTree = "<group>"; };
		0788E0B42AE30AAB008A5E27 /* MovieTipTests.xctest */ = {isa = PBXFileReference; explicitFileType = wrapper.cfbundle; includeInIndex = 0; path = MovieTipTests.xctest; sourceTree = BUILT_PRODUCTS_DIR; };
		0788E0BE2AE30AAB008A5E27 /* MovieTipUITests.xctest */ = {isa = PBXFileReference; explicitFileType = wrapper.cfbundle; includeInIndex = 0; path = MovieTipUITests.xctest; sourceTree = BUILT_PRODUCTS_DIR; };
/* End PBXFileReference section */

/* Begin PBXFrameworksBuildPhase section */
		0788E09F2AE30AA9008A5E27 /* Frameworks */ = {
			isa = PBXFrameworksBuildPhase;
			buildActionMask = 2147483647;
			files = (
			);
			runOnlyForDeploymentPostprocessing = 0;
		};
		0788E0B12AE30AAB008A5E27 /* Frameworks */ = {
			isa = PBXFrameworksBuildPhase;
			buildActionMask = 2147483647;
			files = (
			);
			runOnlyForDeploymentPostprocessing = 0;
		};
		0788E0BB2AE30AAB008A5E27 /* Frameworks */ = {
			isa = PBXFrameworksBuildPhase;
			buildActionMask = 2147483647;
			files = (
			);
			runOnlyForDeploymentPostprocessing = 0;
		};
/* End PBXFrameworksBuildPhase section */

/* Begin PBXGroup section */
		0788E0992AE30AA9008A5E27 = {
			isa = PBXGroup;
			children = (
				0788E0A42AE30AA9008A5E27 /* MovieTip */,
				0788E0A32AE30AA9008A5E27 /* Products */,
			);
			sourceTree = "<group>";
		};
		0788E0A32AE30AA9008A5E27 /* Products */ = {
			isa = PBXGroup;
			children = (
				0788E0A22AE30AA9008A5E27 /* MovieTip.app */,
				0788E0B42AE30AAB008A5E27 /* MovieTipTests.xctest */,
				0788E0BE2AE30AAB008A5E27 /* MovieTipUITests.xctest */,
			);
			name = Products;
			sourceTree = "<group>";
		};
		0788E0A42AE30AA9008A5E27 /* MovieTip */ = {
			isa = PBXGroup;
			children = (
				0788E0A52AE30AA9008A5E27 /* MovieTipApp.swift */,
				0788E0A72AE30AA9008A5E27 /* ContentView.swift */,
				0788E0A92AE30AA9008A5E27 /* Item.swift */,
				0788E0AB2AE30AAB008A5E27 /* Assets.xcassets */,
				0788E0AD2AE30AAB008A5E27 /* Preview Content */,
			);
			path = MovieTip;
			sourceTree = "<group>";
		};
		0788E0AD2AE30AAB008A5E27 /* Preview Content */ = {
			isa = PBXGroup;
			children = (
				0788E0AE2AE30AAB008A5E27 /* Preview Assets.xcassets */,
			);
			path = "Preview Content";
			sourceTree = "<group>";
		};
/* End PBXGroup section */

/* Begin PBXNativeTarget section */
		0788E0A12AE30AA9008A5E27 /* MovieTip */ = {
			isa = PBXNativeTarget;
			buildConfigurationList = 0788E0C82AE30AAB008A5E27 /* Build configuration list for PBXNativeTarget "MovieTip" */;
			buildPhases = (
				0788E09E2AE30AA9008A5E27 /* Sources */,
				0788E09F2AE30AA9008A5E27 /* Frameworks */,
				0788E0A02AE30AA9008A5E27 /* Resources */,
			);
			buildRules = (
			);
			dependencies = (
			);
			name = MovieTip;
			productName = MovieTip;
			productReference = 0788E0A22AE30AA9008A5E27 /* MovieTip.app */;
			productType = "com.apple.product-type.application";
		};
		0788E0B32AE30AAB008A5E27 /* MovieTipTests */ = {
			isa = PBXNativeTarget;
			buildConfigurationList = 0788E0CB2AE30AAB008A5E27 /* Build configuration list for PBXNativeTarget "MovieTipTests" */;
			buildPhases = (
				0788E0B02AE30AAB008A5E27 /* Sources */,
				0788E0B12AE30AAB008A5E27 /* Frameworks */,
				0788E0B22AE30AAB008A5E27 /* Resources */,
			);
			buildRules = (
			);
			dependencies = (
				0788E0B62AE30AAB008A5E27 /* PBXTargetDependency */,
			);
			name = MovieTipTests;
			productName = MovieTipTests;
			productReference = 0788E0B42AE30AAB008A5E27 /* MovieTipTests.xctest */;
			productType = "com.apple.product-type.bundle.unit-test";
		};
		0788E0BD2AE30AAB008A5E27 /* MovieTipUITests */ = {
			isa = PBXNativeTarget;
			buildConfigurationList = 0788E0CE2AE30AAB008A5E27 /* Build configuration list for PBXNativeTarget "MovieTipUITests" */;
			buildPhases = (
				0788E0BA2AE30AAB008A5E27 /* Sources */,
				0788E0BB2AE30AAB008A5E27 /* Frameworks */,
				0788E0BC2AE30AAB008A5E27 /* Resources */,
			);
			buildRules = (
			);
			dependencies = (
				0788E0C02AE30AAB008A5E27 /* PBXTargetDependency */,
			);
			name = MovieTipUITests;
			productName = MovieTipUITests;
			productReference = 0788E0BE2AE30AAB008A5E27 /* MovieTipUITests.xctest */;
			productType = "com.apple.product-type.bundle.ui-testing";
		};
/* End PBXNativeTarget section */

/* Begin PBXProject section */
		0788E09A2AE30AA9008A5E27 /* Project object */ = {
			isa = PBXProject;
			attributes = {
				BuildIndependentTargetsInParallel = 1;
				LastSwiftUpdateCheck = 1500;
				LastUpgradeCheck = 1500;
				TargetAttributes = {
					0788E0A12AE30AA9008A5E27 = {
						CreatedOnToolsVersion = 15.0;
					};
					0788E0B32AE30AAB008A5E27 = {
						CreatedOnToolsVersion = 15.0;
						TestTargetID = 0788E0A12AE30AA9008A5E27;
					};
					0788E0BD2AE30AAB008A5E27 = {
						CreatedOnToolsVersion = 15.0;
						TestTargetID = 0788E0A12AE30AA9008A5E27;
					};
				};
			};
			buildConfigurationList = 0788E09D2AE30AA9008A5E27 /* Build configuration list for PBXProject "MovieTip" */;
			compatibilityVersion = "Xcode 14.0";
			developmentRegion = en;
			hasScannedForEncodings = 0;
			knownRegions = (
				en,
				Base,
			);
			mainGroup = 0788E0992AE30AA9008A5E27;
			productRefGroup = 0788E0A32AE30AA9008A5E27 /* Products */;
			projectDirPath = "";
			projectRoot = "";
			targets = (
				0788E0A12AE30AA9008A5E27 /* MovieTip */,
				0788E0B32AE30AAB008A5E27 /* MovieTipTests */,
				0788E0BD2AE30AAB008A5E27 /* MovieTipUITests */,
			);
		};
/* End PBXProject section */

/* Begin PBXResourcesBuildPhase section */
		0788E0A02AE30AA9008A5E27 /* Resources */ = {
			isa = PBXResourcesBuildPhase;
			buildActionMask = 2147483647;
			files = (
				0788E0AF2AE30AAB008A5E27 /* Preview Assets.xcassets in Resources */,
				0788E0AC2AE30AAB008A5E27 /* Assets.xcassets in Resources */,
			);
			runOnlyForDeploymentPostprocessing = 0;
		};
		0788E0B22AE30AAB008A5E27 /* Resources */ = {
			isa = PBXResourcesBuildPhase;
			buildActionMask = 2147483647;
			files = (
			);
			runOnlyForDeploymentPostprocessing = 0;
		};
		0788E0BC2AE30AAB008A5E27 /* Resources */ = {
			isa = PBXResourcesBuildPhase;
			buildActionMask = 2147483647;
			files = (
			);
			runOnlyForDeploymentPostprocessing = 0;
		};
/* End PBXResourcesBuildPhase section */

/* Begin PBXSourcesBuildPhase section */
		0788E09E2AE30AA9008A5E27 /* Sources */ = {
			isa = PBXSourcesBuildPhase;
			buildActionMask = 2147483647;
			files = (
				0788E0A82AE30AA9008A5E27 /* ContentView.swift in Sources */,
				0788E0AA2AE30AA9008A5E27 /* Item.swift in Sources */,
				0788E0A62AE30AA9008A5E27 /* MovieTipApp.swift in Sources */,
			);
			runOnlyForDeploymentPostprocessing = 0;
		};
		0788E0B02AE30AAB008A5E27 /* Sources */ = {
			isa = PBXSourcesBuildPhase;
			buildActionMask = 2147483647;
			files = (
			);
			runOnlyForDeploymentPostprocessing = 0;
		};
		0788E0BA2AE30AAB008A5E27 /* Sources */ = {
			isa = PBXSourcesBuildPhase;
			buildActionMask = 2147483647;
			files = (
			);
			runOnlyForDeploymentPostprocessing = 0;
		};
/* End PBXSourcesBuildPhase section */

/* Begin PBXTargetDependency section */
		0788E0B62AE30AAB008A5E27 /* PBXTargetDependency */ = {
			isa = PBXTargetDependency;
			target = 0788E0A12AE30AA9008A5E27 /* MovieTip */;
			targetProxy = 0788E0B52AE30AAB008A5E27 /* PBXContainerItemProxy */;
		};
		0788E0C02AE30AAB008A5E27 /* PBXTargetDependency */ = {
			isa = PBXTargetDependency;
			target = 0788E0A12AE30AA9008A5E27 /* MovieTip */;
			targetProxy = 0788E0BF2AE30AAB008A5E27 /* PBXContainerItemProxy */;
		};
/* End PBXTargetDependency section */

/* Begin XCBuildConfiguration section */
		0788E0C62AE30AAB008A5E27 /* Debug */ = {
			isa = XCBuildConfiguration;
			buildSettings = {
				ALWAYS_SEARCH_USER_PATHS = NO;
				ASSETCATALOG_COMPILER_GENERATE_SWIFT_ASSET_SYMBOL_EXTENSIONS = YES;
				CLANG_ANALYZER_NONNULL = YES;
				CLANG_ANALYZER_NUMBER_OBJECT_CONVERSION = YES_AGGRESSIVE;
				CLANG_CXX_LANGUAGE_STANDARD = "gnu++20";
				CLANG_ENABLE_MODULES = YES;
				CLANG_ENABLE_OBJC_ARC = YES;
				CLANG_ENABLE_OBJC_WEAK = YES;
				CLANG_WARN_BLOCK_CAPTURE_AUTORELEASING = YES;
				CLANG_WARN_BOOL_CONVERSION = YES;
				CLANG_WARN_COMMA = YES;
				CLANG_WARN_CONSTANT_CONVERSION = YES;
				CLANG_WARN_DEPRECATED_OBJC_IMPLEMENTATIONS = YES;
				CLANG_WARN_DIRECT_OBJC_ISA_USAGE = YES_ERROR;
				CLANG_WARN_DOCUMENTATION_COMMENTS = YES;
				CLANG_WARN_EMPTY_BODY = YES;
				CLANG_WARN_ENUM_CONVERSION = YES;
				CLANG_WARN_INFINITE_RECURSION = YES;
				CLANG_WARN_INT_CONVERSION = YES;
				CLANG_WARN_NON_LITERAL_NULL_CONVERSION = YES;
				CLANG_WARN_OBJC_IMPLICIT_RETAIN_SELF = YES;
				CLANG_WARN_OBJC_LITERAL_CONVERSION = YES;
				CLANG_WARN_OBJC_ROOT_CLASS = YES_ERROR;
				CLANG_WARN_QUOTED_INCLUDE_IN_FRAMEWORK_HEADER = YES;
				CLANG_WARN_RANGE_LOOP_ANALYSIS = YES;
				CLANG_WARN_STRICT_PROTOTYPES = YES;
				CLANG_WARN_SUSPICIOUS_MOVE = YES;
				CLANG_WARN_UNGUARDED_AVAILABILITY = YES_AGGRESSIVE;
				CLANG_WARN_UNREACHABLE_CODE = YES;
				CLANG_WARN__DUPLICATE_METHOD_MATCH = YES;
				COPY_PHASE_STRIP = NO;
				DEBUG_INFORMATION_FORMAT = dwarf;
				ENABLE_STRICT_OBJC_MSGSEND = YES;
				ENABLE_TESTABILITY = YES;
				ENABLE_USER_SCRIPT_SANDBOXING = YES;
				GCC_C_LANGUAGE_STANDARD = gnu17;
				GCC_DYNAMIC_NO_PIC = NO;
				GCC_NO_COMMON_BLOCKS = YES;
				GCC_OPTIMIZATION_LEVEL = 0;
				GCC_PREPROCESSOR_DEFINITIONS = (
					"DEBUG=1",
					"$(inherited)",
				);
				GCC_WARN_64_TO_32_BIT_CONVERSION = YES;
				GCC_WARN_ABOUT_RETURN_TYPE = YES_ERROR;
				GCC_WARN_UNDECLARED_SELECTOR = YES;
				GCC_WARN_UNINITIALIZED_AUTOS = YES_AGGRESSIVE;
				GCC_WARN_UNUSED_FUNCTION = YES;
				GCC_WARN_UNUSED_VARIABLE = YES;
				IPHONEOS_DEPLOYMENT_TARGET = 17.0;
				LOCALIZATION_PREFERS_STRING_CATALOGS = YES;
				MTL_ENABLE_DEBUG_INFO = INCLUDE_SOURCE;
				MTL_FAST_MATH = YES;
				ONLY_ACTIVE_ARCH = YES;
				SDKROOT = iphoneos;
				SWIFT_ACTIVE_COMPILATION_CONDITIONS = "DEBUG $(inherited)";
				SWIFT_OPTIMIZATION_LEVEL = "-Onone";
			};
			name = Debug;
		};
		0788E0C72AE30AAB008A5E27 /* Release */ = {
			isa = XCBuildConfiguration;
			buildSettings = {
				ALWAYS_SEARCH_USER_PATHS = NO;
				ASSETCATALOG_COMPILER_GENERATE_SWIFT_ASSET_SYMBOL_EXTENSIONS = YES;
				CLANG_ANALYZER_NONNULL = YES;
				CLANG_ANALYZER_NUMBER_OBJECT_CONVERSION = YES_AGGRESSIVE;
				CLANG_CXX_LANGUAGE_STANDARD = "gnu++20";
				CLANG_ENABLE_MODULES = YES;
				CLANG_ENABLE_OBJC_ARC = YES;
				CLANG_ENABLE_OBJC_WEAK = YES;
				CLANG_WARN_BLOCK_CAPTURE_AUTORELEASING = YES;
				CLANG_WARN_BOOL_CONVERSION = YES;
				CLANG_WARN_COMMA = YES;
				CLANG_WARN_CONSTANT_CONVERSION = YES;
				CLANG_WARN_DEPRECATED_OBJC_IMPLEMENTATIONS = YES;
				CLANG_WARN_DIRECT_OBJC_ISA_USAGE = YES_ERROR;
				CLANG_WARN_DOCUMENTATION_COMMENTS = YES;
				CLANG_WARN_EMPTY_BODY = YES;
				CLANG_WARN_ENUM_CONVERSION = YES;
				CLANG_WARN_INFINITE_RECURSION = YES;
				CLANG_WARN_INT_CONVERSION = YES;
				CLANG_WARN_NON_LITERAL_NULL_CONVERSION = YES;
				CLANG_WARN_OBJC_IMPLICIT_RETAIN_SELF = YES;
				CLANG_WARN_OBJC_LITERAL_CONVERSION = YES;
				CLANG_WARN_OBJC_ROOT_CLASS = YES_ERROR;
				CLANG_WARN_QUOTED_INCLUDE_IN_FRAMEWORK_HEADER = YES;
				CLANG_WARN_RANGE_LOOP_ANALYSIS = YES;
				CLANG_WARN_STRICT_PROTOTYPES = YES;
				CLANG_WARN_SUSPICIOUS_MOVE = YES;
				CLANG_WARN_UNGUARDED_AVAILABILITY = YES_AGGRESSIVE;
				CLANG_WARN_UNREACHABLE_CODE = YES;
				CLANG_WARN__DUPLICATE_METHOD_MATCH = YES;
				COPY_PHASE_STRIP = NO;
				DEBUG_INFORMATION_FORMAT = "dwarf-with-dsym";
				ENABLE_NS_ASSERTIONS = NO;
				ENABLE_STRICT_OBJC_MSGSEND = YES;
				ENABLE_USER_SCRIPT_SANDBOXING = YES;
				GCC_C_LANGUAGE_STANDARD = gnu17;
				GCC_NO_COMMON_BLOCKS = YES;
				GCC_WARN_64_TO_32_BIT_CONVERSION = YES;
				GCC_WARN_ABOUT_RETURN_TYPE = YES_ERROR;
				GCC_WARN_UNDECLARED_SELECTOR = YES;
				GCC_WARN_UNINITIALIZED_AUTOS = YES_AGGRESSIVE;
				GCC_WARN_UNUSED_FUNCTION = YES;
				GCC_WARN_UNUSED_VARIABLE = YES;
				IPHONEOS_DEPLOYMENT_TARGET = 17.0;
				LOCALIZATION_PREFERS_STRING_CATALOGS = YES;
				MTL_ENABLE_DEBUG_INFO = NO;
				MTL_FAST_MATH = YES;
				SDKROOT = iphoneos;
				SWIFT_COMPILATION_MODE = wholemodule;
				VALIDATE_PRODUCT = YES;
			};
			name = Release;
		};
		0788E0C92AE30AAB008A5E27 /* Debug */ = {
			isa = XCBuildConfiguration;
			buildSettings = {
				ASSETCATALOG_COMPILER_APPICON_NAME = AppIcon;
				ASSETCATALOG_COMPILER_GLOBAL_ACCENT_COLOR_NAME = AccentColor;
				CODE_SIGN_STYLE = Automatic;
				CURRENT_PROJECT_VERSION = 1;
				DEVELOPMENT_ASSET_PATHS = "\"MovieTip/Preview Content\"";
				ENABLE_PREVIEWS = YES;
				GENERATE_INFOPLIST_FILE = YES;
				INFOPLIST_KEY_UIApplicationSceneManifest_Generation = YES;
				INFOPLIST_KEY_UIApplicationSupportsIndirectInputEvents = YES;
				INFOPLIST_KEY_UILaunchScreen_Generation = YES;
				INFOPLIST_KEY_UISupportedInterfaceOrientations_iPad = "UIInterfaceOrientationPortrait UIInterfaceOrientationPortraitUpsideDown UIInterfaceOrientationLandscapeLeft UIInterfaceOrientationLandscapeRight";
				INFOPLIST_KEY_UISupportedInterfaceOrientations_iPhone = "UIInterfaceOrientationPortrait UIInterfaceOrientationLandscapeLeft UIInterfaceOrientationLandscapeRight";
				LD_RUNPATH_SEARCH_PATHS = (
					"$(inherited)",
					"@executable_path/Frameworks",
				);
				MARKETING_VERSION = 1.0;
				PRODUCT_BUNDLE_IDENTIFIER = com.zeyneptoy.MovieTip;
				PRODUCT_NAME = "$(TARGET_NAME)";
				SWIFT_EMIT_LOC_STRINGS = YES;
				SWIFT_VERSION = 5.0;
				TARGETED_DEVICE_FAMILY = "1,2";
			};
			name = Debug;
		};
		0788E0CA2AE30AAB008A5E27 /* Release */ = {
			isa = XCBuildConfiguration;
			buildSettings = {
				ASSETCATALOG_COMPILER_APPICON_NAME = AppIcon;
				ASSETCATALOG_COMPILER_GLOBAL_ACCENT_COLOR_NAME = AccentColor;
				CODE_SIGN_STYLE = Automatic;
				CURRENT_PROJECT_VERSION = 1;
				DEVELOPMENT_ASSET_PATHS = "\"MovieTip/Preview Content\"";
				ENABLE_PREVIEWS = YES;
				GENERATE_INFOPLIST_FILE = YES;
				INFOPLIST_KEY_UIApplicationSceneManifest_Generation = YES;
				INFOPLIST_KEY_UIApplicationSupportsIndirectInputEvents = YES;
				INFOPLIST_KEY_UILaunchScreen_Generation = YES;
				INFOPLIST_KEY_UISupportedInterfaceOrientations_iPad = "UIInterfaceOrientationPortrait UIInterfaceOrientationPortraitUpsideDown UIInterfaceOrientationLandscapeLeft UIInterfaceOrientationLandscapeRight";
				INFOPLIST_KEY_UISupportedInterfaceOrientations_iPhone = "UIInterfaceOrientationPortrait UIInterfaceOrientationLandscapeLeft UIInterfaceOrientationLandscapeRight";
				LD_RUNPATH_SEARCH_PATHS = (
					"$(inherited)",
					"@executable_path/Frameworks",
				);
				MARKETING_VERSION = 1.0;
				PRODUCT_BUNDLE_IDENTIFIER = com.zeyneptoy.MovieTip;
				PRODUCT_NAME = "$(TARGET_NAME)";
				SWIFT_EMIT_LOC_STRINGS = YES;
				SWIFT_VERSION = 5.0;
				TARGETED_DEVICE_FAMILY = "1,2";
			};
			name = Release;
		};
		0788E0CC2AE30AAB008A5E27 /* Debug */ = {
			isa = XCBuildConfiguration;
			buildSettings = {
				ALWAYS_EMBED_SWIFT_STANDARD_LIBRARIES = YES;
				BUNDLE_LOADER = "$(TEST_HOST)";
				CODE_SIGN_STYLE = Automatic;
				CURRENT_PROJECT_VERSION = 1;
				GENERATE_INFOPLIST_FILE = YES;
				IPHONEOS_DEPLOYMENT_TARGET = 17.0;
				MARKETING_VERSION = 1.0;
				PRODUCT_BUNDLE_IDENTIFIER = com.zeyneptoy.MovieTipTests;
				PRODUCT_NAME = "$(TARGET_NAME)";
				SWIFT_EMIT_LOC_STRINGS = NO;
				SWIFT_VERSION = 5.0;
				TARGETED_DEVICE_FAMILY = "1,2";
				TEST_HOST = "$(BUILT_PRODUCTS_DIR)/MovieTip.app/$(BUNDLE_EXECUTABLE_FOLDER_PATH)/MovieTip";
			};
			name = Debug;
		};
		0788E0CD2AE30AAB008A5E27 /* Release */ = {
			isa = XCBuildConfiguration;
			buildSettings = {
				ALWAYS_EMBED_SWIFT_STANDARD_LIBRARIES = YES;
				BUNDLE_LOADER = "$(TEST_HOST)";
				CODE_SIGN_STYLE = Automatic;
				CURRENT_PROJECT_VERSION = 1;
				GENERATE_INFOPLIST_FILE = YES;
				IPHONEOS_DEPLOYMENT_TARGET = 17.0;
				MARKETING_VERSION = 1.0;
				PRODUCT_BUNDLE_IDENTIFIER = com.zeyneptoy.MovieTipTests;
				PRODUCT_NAME = "$(TARGET_NAME)";
				SWIFT_EMIT_LOC_STRINGS = NO;
				SWIFT_VERSION = 5.0;
				TARGETED_DEVICE_FAMILY = "1,2";
				TEST_HOST = "$(BUILT_PRODUCTS_DIR)/MovieTip.app/$(BUNDLE_EXECUTABLE_FOLDER_PATH)/MovieTip";
			};
			name = Release;
		};
		0788E0CF2AE30AAB008A5E27 /* Debug */ = {
			isa = XCBuildConfiguration;
			buildSettings = {
				ALWAYS_EMBED_SWIFT_STANDARD_LIBRARIES = YES;
				CODE_SIGN_STYLE = Automatic;
				CURRENT_PROJECT_VERSION = 1;
				GENERATE_INFOPLIST_FILE = YES;
				MARKETING_VERSION = 1.0;
				PRODUCT_BUNDLE_IDENTIFIER = com.zeyneptoy.MovieTipUITests;
				PRODUCT_NAME = "$(TARGET_NAME)";
				SWIFT_EMIT_LOC_STRINGS = NO;
				SWIFT_VERSION = 5.0;
				TARGETED_DEVICE_FAMILY = "1,2";
				TEST_TARGET_NAME = MovieTip;
			};
			name = Debug;
		};
		0788E0D02AE30AAB008A5E27 /* Release */ = {
			isa = XCBuildConfiguration;
			buildSettings = {
				ALWAYS_EMBED_SWIFT_STANDARD_LIBRARIES = YES;
				CODE_SIGN_STYLE = Automatic;
				CURRENT_PROJECT_VERSION = 1;
				GENERATE_INFOPLIST_FILE = YES;
				MARKETING_VERSION = 1.0;
				PRODUCT_BUNDLE_IDENTIFIER = com.zeyneptoy.MovieTipUITests;
				PRODUCT_NAME = "$(TARGET_NAME)";
				SWIFT_EMIT_LOC_STRINGS = NO;
				SWIFT_VERSION = 5.0;
				TARGETED_DEVICE_FAMILY = "1,2";
				TEST_TARGET_NAME = MovieTip;
			};
			name = Release;
		};
/* End XCBuildConfiguration section */

/* Begin XCConfigurationList section */
		0788E09D2AE30AA9008A5E27 /* Build configuration list for PBXProject "MovieTip" */ = {
			isa = XCConfigurationList;
			buildConfigurations = (
				0788E0C62AE30AAB008A5E27 /* Debug */,
				0788E0C72AE30AAB008A5E27 /* Release */,
			);
			defaultConfigurationIsVisible = 0;
			defaultConfigurationName = Release;
		};
		0788E0C82AE30AAB008A5E27 /* Build configuration list for PBXNativeTarget "MovieTip" */ = {
			isa = XCConfigurationList;
			buildConfigurations = (
				0788E0C92AE30AAB008A5E27 /* Debug */,
				0788E0CA2AE30AAB008A5E27 /* Release */,
			);
			defaultConfigurationIsVisible = 0;
			defaultConfigurationName = Release;
		};
		0788E0CB2AE30AAB008A5E27 /* Build configuration list for PBXNativeTarget "MovieTipTests" */ = {
			isa = XCConfigurationList;
			buildConfigurations = (
				0788E0CC2AE30AAB008A5E27 /* Debug */,
				0788E0CD2AE30AAB008A5E27 /* Release */,
			);
			defaultConfigurationIsVisible = 0;
			defaultConfigurationName = Release;
		};
		0788E0CE2AE30AAB008A5E27 /* Build configuration list for PBXNativeTarget "MovieTipUITests" */ = {
			isa = XCConfigurationList;
			buildConfigurations = (
				0788E0CF2AE30AAB008A5E27 /* Debug */,
				0788E0D02AE30AAB008A5E27 /* Release */,
			);
			defaultConfigurationIsVisible = 0;
			defaultConfigurationName = Release;
		};
/* End XCConfigurationList section */
	};
	rootObject = 0788E09A2AE30AA9008A5E27 /* Project object */;
}
